{
  "name": "lib-project-v1.2.1",
  "lockfileVersion": 3,
  "requires": true,
  "packages": {
    "": {
      "dependencies": {
        "peerdeps": "^1.1.1"
      }
    },
    "node_modules/peerdeps": {
      "version": "1.1.1",
      "resolved": "https://registry.npmjs.org/peerdeps/-/peerdeps-1.1.1.tgz",
      "integrity": "sha512-avsxijM7afBNEV7vTAD6D2bXiP+A4ltvhEQ3t6cUegZvLu/RfT8TQO4Uam2ximER3LiQ+PCpC3El6GtF7QajSw==",
      "license": "MIT",
      "bin": {
        "peerdeps": "bin/peerdeps.js"
      }
    }
  }
}
